
Microsoft Visual Studio Solution File, Format Version 12.00
# Visual Studio 15
VisualStudioVersion = 15.0.28307.779
MinimumVisualStudioVersion = 10.0.40219.1
Project("{FAE04EC0-301F-11D3-BF4B-00C04F79EFBC}") = "app", "app\app.csproj", "{2F140A6D-1137-4DED-9B42-9B86EA17931B}"
EndProject
Project("{FAE04EC0-301F-11D3-BF4B-00C04F79EFBC}") = "MVVMHierarchiesDemo", "MVVMHierarchiesDemo\MVVMHierarchiesDemo.csproj", "{F2410311-4B7C-41B5-8A9F-0C6539668DFF}"
EndProject
Global
	GlobalSection(SolutionConfigurationPlatforms) = preSolution
		Debug|Any CPU = Debug|Any CPU
		Release|Any CPU = Release|Any CPU
	EndGlobalSection
	GlobalSection(ProjectConfigurationPlatforms) = postSolution
		{2F140A6D-1137-4DED-9B42-9B86EA17931B}.Debug|Any CPU.ActiveCfg = Debug|Any CPU
		{2F140A6D-1137-4DED-9B42-9B86EA17931B}.Debug|Any CPU.Build.0 = Debug|Any CPU
		{2F140A6D-1137-4DED-9B42-9B86EA17931B}.Release|Any CPU.ActiveCfg = Release|Any CPU
		{2F140A6D-1137-4DED-9B42-9B86EA17931B}.Release|Any CPU.Build.0 = Release|Any CPU
		{F2410311-4B7C-41B5-8A9F-0C6539668DFF}.Debug|Any CPU.ActiveCfg = Debug|Any CPU
		{F2410311-4B7C-41B5-8A9F-0C6539668DFF}.Debug|Any CPU.Build.0 = Debug|Any CPU
		{F2410311-4B7C-41B5-8A9F-0C6539668DFF}.Release|Any CPU.ActiveCfg = Release|Any CPU
		{F2410311-4B7C-41B5-8A9F-0C6539668DFF}.Release|Any CPU.Build.0 = Release|Any CPU
	EndGlobalSection
	GlobalSection(SolutionProperties) = preSolution
		HideSolutionNode = FALSE
	EndGlobalSection
	GlobalSection(ExtensibilityGlobals) = postSolution
		SolutionGuid = {5AB77960-19E5-4581-A8F6-17F07AFB546D}
	EndGlobalSection
EndGlobal
